{
  "name": "bps-f1",
  "version": "0.1.0",
  "lockfileVersion": 3,
  "requires": true,
  "packages": {
    "": {
      "name": "bps-f1",
      "version": "0.1.0",
      "dependencies": {
        "@wix/data": "^1.0.101",
        "@wix/members": "^1.0.74",
        "@wix/sdk": "^1.9.1",
        "next": "14.2.3",
        "react": "^18",
        "react-dom": "^18"
      }
    },
    "node_modules/@babel/runtime": {
      "version": "7.24.5",
      "resolved": "https://registry.npmjs.org/@babel/runtime/-/runtime-7.24.5.tgz",
      "integrity": "sha512-Nms86NXrsaeU9vbBJKni6gXiEXZ4CVpYVzEjDH9Sb8vmZ3UljyA1GSOJl/6LGPO8EHLuSF9H+IxNXHPX8QHJ4g==",
      "dependencies": {
        "regenerator-runtime": "^0.14.0"
      },
      "engines": {
        "node": ">=6.9.0"
      }
    },
    "node_modules/@next/env": {
      "version": "14.2.3",
      "resolved": "https://registry.npmjs.org/@next/env/-/env-14.2.3.tgz",
      "integrity": "sha512-W7fd7IbkfmeeY2gXrzJYDx8D2lWKbVoTIj1o1ScPHNzvp30s1AuoEFSdr39bC5sjxJaxTtq3OTCZboNp0lNWHA=="
    },
    "node_modules/@next/swc-darwin-arm64": {
      "version": "14.2.3",
      "resolved": "https://registry.npmjs.org/@next/swc-darwin-arm64/-/swc-darwin-arm64-14.2.3.tgz",
      "integrity": "sha512-3pEYo/RaGqPP0YzwnlmPN2puaF2WMLM3apt5jLW2fFdXD9+pqcoTzRk+iZsf8ta7+quAe4Q6Ms0nR0SFGFdS1A==",
      "cpu": [
        "arm64"
      ],
      "optional": true,
      "os": [
        "darwin"
      ],
      "engines": {
        "node": ">= 10"
      }
    },
    "node_modules/@next/swc-darwin-x64": {
      "version": "14.2.3",
      "resolved": "https://registry.npmjs.org/@next/swc-darwin-x64/-/swc-darwin-x64-14.2.3.tgz",
      "integrity": "sha512-6adp7waE6P1TYFSXpY366xwsOnEXM+y1kgRpjSRVI2CBDOcbRjsJ67Z6EgKIqWIue52d2q/Mx8g9MszARj8IEA==",
      "cpu": [
        "x64"
      ],
      "optional": true,
      "os": [
        "darwin"
      ],
      "engines": {
        "node": ">= 10"
      }
    },
    "node_modules/@next/swc-linux-arm64-gnu": {
      "version": "14.2.3",
      "resolved": "https://registry.npmjs.org/@next/swc-linux-arm64-gnu/-/swc-linux-arm64-gnu-14.2.3.tgz",
      "integrity": "sha512-cuzCE/1G0ZSnTAHJPUT1rPgQx1w5tzSX7POXSLaS7w2nIUJUD+e25QoXD/hMfxbsT9rslEXugWypJMILBj/QsA==",
      "cpu": [
        "arm64"
      ],
      "optional": true,
      "os": [
        "linux"
      ],
      "engines": {
        "node": ">= 10"
      }
    },
    "node_modules/@next/swc-linux-arm64-musl": {
      "version": "14.2.3",
      "resolved": "https://registry.npmjs.org/@next/swc-linux-arm64-musl/-/swc-linux-arm64-musl-14.2.3.tgz",
      "integrity": "sha512-0D4/oMM2Y9Ta3nGuCcQN8jjJjmDPYpHX9OJzqk42NZGJocU2MqhBq5tWkJrUQOQY9N+In9xOdymzapM09GeiZw==",
      "cpu": [
        "arm64"
      ],
      "optional": true,
      "os": [
        "linux"
      ],
      "engines": {
        "node": ">= 10"
      }
    },
    "node_modules/@next/swc-linux-x64-gnu": {
      "version": "14.2.3",
      "resolved": "https://registry.npmjs.org/@next/swc-linux-x64-gnu/-/swc-linux-x64-gnu-14.2.3.tgz",
      "integrity": "sha512-ENPiNnBNDInBLyUU5ii8PMQh+4XLr4pG51tOp6aJ9xqFQ2iRI6IH0Ds2yJkAzNV1CfyagcyzPfROMViS2wOZ9w==",
      "cpu": [
        "x64"
      ],
      "optional": true,
      "os": [
        "linux"
      ],
      "engines": {
        "node": ">= 10"
      }
    },
    "node_modules/@next/swc-linux-x64-musl": {
      "version": "14.2.3",
      "resolved": "https://registry.npmjs.org/@next/swc-linux-x64-musl/-/swc-linux-x64-musl-14.2.3.tgz",
      "integrity": "sha512-BTAbq0LnCbF5MtoM7I/9UeUu/8ZBY0i8SFjUMCbPDOLv+un67e2JgyN4pmgfXBwy/I+RHu8q+k+MCkDN6P9ViQ==",
      "cpu": [
        "x64"
      ],
      "optional": true,
      "os": [
        "linux"
      ],
      "engines": {
        "node": ">= 10"
      }
    },
    "node_modules/@next/swc-win32-arm64-msvc": {
      "version": "14.2.3",
      "resolved": "https://registry.npmjs.org/@next/swc-win32-arm64-msvc/-/swc-win32-arm64-msvc-14.2.3.tgz",
      "integrity": "sha512-AEHIw/dhAMLNFJFJIJIyOFDzrzI5bAjI9J26gbO5xhAKHYTZ9Or04BesFPXiAYXDNdrwTP2dQceYA4dL1geu8A==",
      "cpu": [
        "arm64"
      ],
      "optional": true,
      "os": [
        "win32"
      ],
      "engines": {
        "node": ">= 10"
      }
    },
    "node_modules/@next/swc-win32-ia32-msvc": {
      "version": "14.2.3",
      "resolved": "https://registry.npmjs.org/@next/swc-win32-ia32-msvc/-/swc-win32-ia32-msvc-14.2.3.tgz",
      "integrity": "sha512-vga40n1q6aYb0CLrM+eEmisfKCR45ixQYXuBXxOOmmoV8sYST9k7E3US32FsY+CkkF7NtzdcebiFT4CHuMSyZw==",
      "cpu": [
        "ia32"
      ],
      "optional": true,
      "os": [
        "win32"
      ],
      "engines": {
        "node": ">= 10"
      }
    },
    "node_modules/@next/swc-win32-x64-msvc": {
      "version": "14.2.3",
      "resolved": "https://registry.npmjs.org/@next/swc-win32-x64-msvc/-/swc-win32-x64-msvc-14.2.3.tgz",
      "integrity": "sha512-Q1/zm43RWynxrO7lW4ehciQVj+5ePBhOK+/K2P7pLFX3JaJ/IZVC69SHidrmZSOkqz7ECIOhhy7XhAFG4JYyHA==",
      "cpu": [
        "x64"
      ],
      "optional": true,
      "os": [
        "win32"
      ],
      "engines": {
        "node": ">= 10"
      }
    },
    "node_modules/@rushstack/eslint-patch": {
      "version": "1.10.2",
      "resolved": "https://registry.npmjs.org/@rushstack/eslint-patch/-/eslint-patch-1.10.2.tgz",
      "integrity": "sha512-hw437iINopmQuxWPSUEvqE56NCPsiU8N4AYtfHmJFckclktzK9YQJieD3XkDCDH4OjL+C7zgPUh73R/nrcHrqw=="
    },
    "node_modules/@swc/counter": {
      "version": "0.1.3",
      "resolved": "https://registry.npmjs.org/@swc/counter/-/counter-0.1.3.tgz",
      "integrity": "sha512-e2BR4lsJkkRlKZ/qCHPw9ZaSxc0MVUd7gtbtaB7aMvHeJVYe8sOB8DBZkP2DtISHGSku9sCK6T6cnY0CtXrOCQ=="
    },
    "node_modules/@swc/helpers": {
      "version": "0.5.5",
      "resolved": "https://registry.npmjs.org/@swc/helpers/-/helpers-0.5.5.tgz",
      "integrity": "sha512-KGYxvIOXcceOAbEk4bi/dVLEK9z8sZ0uBB3Il5b1rhfClSpcX0yfRO0KmTkqR2cnQDymwLB+25ZyMzICg/cm/A==",
      "dependencies": {
        "@swc/counter": "^0.1.3",
        "tslib": "^2.4.0"
      }
    },
    "node_modules/@wix/data": {
      "version": "1.0.101",
      "resolved": "https://registry.npmjs.org/@wix/data/-/data-1.0.101.tgz",
      "integrity": "sha512-k1O115Ec2oH6HOnbBjhpJE7MWQX4HEikD2loZYSjEMSDW4lM/wEsmsWouHIF5h6SdWPJe/7ZJ68ZA1xeDvAG2Q==",
      "dependencies": {
        "@wix/data_collections": "1.0.19",
        "@wix/data_external-database-connections": "1.0.18",
        "@wix/data_indexes": "1.0.14",
        "@wix/data_items": "1.0.16"
      }
    },
    "node_modules/@wix/data_collections": {
      "version": "1.0.19",
      "resolved": "https://registry.npmjs.org/@wix/data_collections/-/data_collections-1.0.19.tgz",
      "integrity": "sha512-nAq0TAbx68OGYh7XRojPwDqvfbpUbFjjZh3P0F1rWxW6/OQePPk6w/9zZktuum1lZybXxBPa7G4maKvYaYXjXg==",
      "dependencies": {
        "@wix/metro-runtime": "^1.1528.0",
        "@wix/motion-edm-autogen-query-wrapper": "^1.0.37",
        "@wix/sdk-runtime": "^0.2.10",
        "@wix/sdk-types": "^1.6.0"
      }
    },
    "node_modules/@wix/data_external-database-connections": {
      "version": "1.0.18",
      "resolved": "https://registry.npmjs.org/@wix/data_external-database-connections/-/data_external-database-connections-1.0.18.tgz",
      "integrity": "sha512-uM1uBQJpSp0qyXH2nLdhKjqk7L1fra0mSZ5NbEDE6odc4H0Vz5eS+IYDVqDb5rw9HnRhAZe4zUtFjPBcZsMnMA==",
      "dependencies": {
        "@wix/metro-runtime": "^1.1528.0",
        "@wix/motion-edm-autogen-query-wrapper": "^1.0.37",
        "@wix/sdk-runtime": "^0.2.10",
        "@wix/sdk-types": "^1.6.0"
      }
    },
    "node_modules/@wix/data_indexes": {
      "version": "1.0.14",
      "resolved": "https://registry.npmjs.org/@wix/data_indexes/-/data_indexes-1.0.14.tgz",
      "integrity": "sha512-7zHr7vUXjfQp4t7lkny0A+jP3j3iAlR6T53O1HLlYtzZ9AY3UHa+tpP+zttnFh7700ocqJLDBQUKrrpgH/btVg==",
      "dependencies": {
        "@wix/metro-runtime": "^1.1528.0",
        "@wix/motion-edm-autogen-query-wrapper": "^1.0.37",
        "@wix/sdk-runtime": "^0.2.10",
        "@wix/sdk-types": "^1.6.0"
      }
    },
    "node_modules/@wix/data_items": {
      "version": "1.0.16",
      "resolved": "https://registry.npmjs.org/@wix/data_items/-/data_items-1.0.16.tgz",
      "integrity": "sha512-tWWHYuzRdjavVmsY2s/8VFeIYVOxGQuSopCvJJWQYScpd+335dHxVOg1KsozgCyrHPoU+ECc91fhmrg8RYUFiA==",
      "dependencies": {
        "@wix/metro-runtime": "^1.1528.0",
        "@wix/motion-edm-autogen-query-wrapper": "^1.0.37",
        "@wix/sdk-runtime": "^0.2.10",
        "@wix/sdk-types": "^1.6.0"
      }
    },
    "node_modules/@wix/filter-builder": {
      "version": "1.0.51",
      "resolved": "https://registry.npmjs.org/@wix/filter-builder/-/filter-builder-1.0.51.tgz",
      "integrity": "sha512-OzmcDhGs2/Wj4uoa9u9mZOwrcZpd/24dHe64W043uqt+N1sYzvZDqri4hT16kqbTsHe+d/8T+sn/mJrAZ3XTLw==",
      "dependencies": {
        "@babel/runtime": "^7.22.15",
        "kind-of": "~5.1.0",
        "tslib": "^2.6.2"
      }
    },
    "node_modules/@wix/identity": {
      "version": "1.0.80",
      "resolved": "https://registry.npmjs.org/@wix/identity/-/identity-1.0.80.tgz",
      "integrity": "sha512-z147W/Olv2rDJjDZ+oiHhLJ4nPRyTsR87/YQwWJfG4UgSP9lPK+y2XEiuu2yE5R1G45VSqPMPo39/oDyZuVH3A==",
      "dependencies": {
        "@wix/identity_authentication": "1.0.10",
        "@wix/identity_oauth": "1.0.8",
        "@wix/identity_recovery": "1.0.8",
        "@wix/identity_verification": "1.0.8"
      }
    },
    "node_modules/@wix/identity_authentication": {
      "version": "1.0.10",
      "resolved": "https://registry.npmjs.org/@wix/identity_authentication/-/identity_authentication-1.0.10.tgz",
      "integrity": "sha512-hDWD3hV3PKehxvz3CylnuMRv/oJyMRPN5y4RnVJjxQu/sYJMHBvzjJj2NtAq9Oy67i8XTKJslzRI5EnUxSucng==",
      "dependencies": {
        "@wix/metro-runtime": "^1.1528.0",
        "@wix/motion-edm-autogen-query-wrapper": "^1.0.37",
        "@wix/sdk-runtime": "^0.2.10",
        "@wix/sdk-types": "^1.5.11"
      }
    },
    "node_modules/@wix/identity_oauth": {
      "version": "1.0.8",
      "resolved": "https://registry.npmjs.org/@wix/identity_oauth/-/identity_oauth-1.0.8.tgz",
      "integrity": "sha512-dczeHVpqoQThC3zXeKY4OXhQjiKg6W1bKT2vVC2+erHKoPRiXb8Qhgbex7adbLf+8VfX54Wf5MbQMqPDHSar+g==",
      "dependencies": {
        "@wix/metro-runtime": "^1.1528.0",
        "@wix/motion-edm-autogen-query-wrapper": "^1.0.37",
        "@wix/sdk-runtime": "^0.2.10",
        "@wix/sdk-types": "^1.5.11"
      }
    },
    "node_modules/@wix/identity_recovery": {
      "version": "1.0.8",
      "resolved": "https://registry.npmjs.org/@wix/identity_recovery/-/identity_recovery-1.0.8.tgz",
      "integrity": "sha512-0RSD1J1d8yrhhzzNEtBAPdnNsPXTemKWe26Jno10ONzGeNfVGcrKFBdajXU1XH5N5gU6kgPZPd3kZP/ApSX/jA==",
      "dependencies": {
        "@wix/metro-runtime": "^1.1528.0",
        "@wix/motion-edm-autogen-query-wrapper": "^1.0.37",
        "@wix/sdk-runtime": "^0.2.10",
        "@wix/sdk-types": "^1.5.11"
      }
    },
    "node_modules/@wix/identity_verification": {
      "version": "1.0.8",
      "resolved": "https://registry.npmjs.org/@wix/identity_verification/-/identity_verification-1.0.8.tgz",
      "integrity": "sha512-hMS3/c+U2u+dIC185JBxM2phiEYVyBtu/NWWEY3w8LIOmReAWr0PUILy644zvumKnS0/s+xSFmz9v+UXBL7Emg==",
      "dependencies": {
        "@wix/metro-runtime": "^1.1528.0",
        "@wix/motion-edm-autogen-query-wrapper": "^1.0.37",
        "@wix/sdk-runtime": "^0.2.10",
        "@wix/sdk-types": "^1.5.11"
      }
    },
    "node_modules/@wix/image-kit": {
      "version": "1.64.0",
      "resolved": "https://registry.npmjs.org/@wix/image-kit/-/image-kit-1.64.0.tgz",
      "integrity": "sha512-caNo7gxeqtnWzTjfIwYn7/gUw2HrCPfCSBS6Ce1YZGyDiReyHYKUfgwsuIod3+uXL/ihlZS+V8ekTxA4qaR9XQ==",
      "dependencies": {
        "@babel/runtime": "^7.24.4",
        "tslib": "^2.6.2"
      }
    },
    "node_modules/@wix/members": {
      "version": "1.0.74",
      "resolved": "https://registry.npmjs.org/@wix/members/-/members-1.0.74.tgz",
      "integrity": "sha512-a9Oq8f5go8jtGGAQegLFFa6Y7AjWLHumyFC6tq7QiE3yfch6++Ow7JXf+Cs4kZqm/8Ssjl2jifaXDkWpkKyD/Q==",
      "dependencies": {
        "@wix/members_authentication": "1.0.12",
        "@wix/members_badges": "1.0.16",
        "@wix/members_members": "1.0.18"
      }
    },
    "node_modules/@wix/members_authentication": {
      "version": "1.0.12",
      "resolved": "https://registry.npmjs.org/@wix/members_authentication/-/members_authentication-1.0.12.tgz",
      "integrity": "sha512-BZNuE3fgzH3V70N9dw8Ig376ne0DWLZ8agY4VAHa0uq+Y1MPlaNoC39wwjMGm2t1L604oaPgVdbaNcXAo9Rl/g==",
      "dependencies": {
        "@wix/metro-runtime": "^1.1528.0",
        "@wix/motion-edm-autogen-query-wrapper": "^1.0.37",
        "@wix/sdk-runtime": "^0.2.10",
        "@wix/sdk-types": "^1.6.0"
      }
    },
    "node_modules/@wix/members_badges": {
      "version": "1.0.16",
      "resolved": "https://registry.npmjs.org/@wix/members_badges/-/members_badges-1.0.16.tgz",
      "integrity": "sha512-O7MaUX/n6zPfyeY/U9GlSNQuqS3R6Iy+Jjid8hQEiIJICzS9o2ZtZ/Bm85dey1SyTSH0ke7eo6JUWXR53VNGjQ==",
      "dependencies": {
        "@wix/metro-runtime": "^1.1528.0",
        "@wix/motion-edm-autogen-query-wrapper": "^1.0.37",
        "@wix/sdk-runtime": "^0.2.10",
        "@wix/sdk-types": "^1.6.0"
      }
    },
    "node_modules/@wix/members_members": {
      "version": "1.0.18",
      "resolved": "https://registry.npmjs.org/@wix/members_members/-/members_members-1.0.18.tgz",
      "integrity": "sha512-JvLUKA4ULW3kqnv/+xDO/hIL4NJo3BPybu0o1QVWRQYmIl0hgKpPsj0LUu/Y8s2p9QAWWZbvWJOy2XfOjLujBg==",
      "dependencies": {
        "@wix/metro-runtime": "^1.1528.0",
        "@wix/motion-edm-autogen-query-wrapper": "^1.0.37",
        "@wix/sdk-runtime": "^0.2.10",
        "@wix/sdk-types": "^1.6.0"
      }
    },
    "node_modules/@wix/metro-public-utils": {
      "version": "1.0.25",
      "resolved": "https://registry.npmjs.org/@wix/metro-public-utils/-/metro-public-utils-1.0.25.tgz",
      "integrity": "sha512-rNpz8lTVXI8lDs8NvfPNzg0Z1N9ho7u25LL1XYJfFRftzwACkiViERfUxepWsD0TsAKN8JzvqjTe/QO989oqvg==",
      "dependencies": {
        "@babel/runtime": "^7.0.0"
      }
    },
    "node_modules/@wix/metro-runtime": {
      "version": "1.1687.0",
      "resolved": "https://registry.npmjs.org/@wix/metro-runtime/-/metro-runtime-1.1687.0.tgz",
      "integrity": "sha512-NN1m6SGpM1Tur0OXWEM/sEffuGI/xaO12q2bV4lNuzeSqzCWLOFYfoEbnyYVDZ92FKN9mbO2ZC8pV66UTNwHpQ==",
      "dependencies": {
        "@wix/metro-public-utils": "1.0.25",
        "@wix/motion-edm-autogen-p13n": "1.0.59",
        "@wix/motion-edm-autogen-transformations": "1.48.0",
        "@wix/motion-edm-autogen-transformations-core": "1.44.0",
        "lodash": "^4.17.21",
        "long": "^4.0.0",
        "querystring": "^0.2.1"
      }
    },
    "node_modules/@wix/motion-edm-autogen-common": {
      "version": "1.40.0",
      "resolved": "https://registry.npmjs.org/@wix/motion-edm-autogen-common/-/motion-edm-autogen-common-1.40.0.tgz",
      "integrity": "sha512-fVxI4ks6AYPW2seqbltEMpSAIV/c6UVX8+ZL53QnXwDYdR0wtUhd2yO/49VxR3FSQe+9cYKheAY/IuPXNDTL6A==",
      "dependencies": {
        "@babel/runtime": "^7.0.0",
        "@wix/motion-edm-autogen-types": "1.0.28",
        "lodash": "~4.17.0",
        "tslib": "^2.0.0"
      }
    },
    "node_modules/@wix/motion-edm-autogen-p13n": {
      "version": "1.0.59",
      "resolved": "https://registry.npmjs.org/@wix/motion-edm-autogen-p13n/-/motion-edm-autogen-p13n-1.0.59.tgz",
      "integrity": "sha512-KdSyAFn/ztr6v3jEuedyj7a+rk0pWYlizE/DohCelFJqbIPIrLz2xO6bn04Jk51bA11GKT/8PlypFOqhEhk7YA==",
      "dependencies": {
        "@babel/runtime": "^7.0.0",
        "@wix/motion-edm-autogen-types": "1.0.28",
        "lodash": "~4.17.0"
      }
    },
    "node_modules/@wix/motion-edm-autogen-query-wrapper": {
      "version": "1.0.72",
      "resolved": "https://registry.npmjs.org/@wix/motion-edm-autogen-query-wrapper/-/motion-edm-autogen-query-wrapper-1.0.72.tgz",
      "integrity": "sha512-BsSKtPZm1bjzku1shl8m52eVU0ShsltlUSOaRJcZ+hGRdsjw+zm4DhWgzEOK0P8kUOtJfPtr1Me1quM24sE/DA==",
      "dependencies": {
        "@babel/runtime": "^7.0.0",
        "@wix/filter-builder": "^1.0.51",
        "@wix/motion-edm-autogen-common": "1.40.0",
        "@wix/motion-edm-autogen-transformations-core": "1.44.0",
        "lodash": "~4.17.0",
        "long": "~4.0.0",
        "tslib": "^2.0.0"
      }
    },
    "node_modules/@wix/motion-edm-autogen-transformations": {
      "version": "1.48.0",
      "resolved": "https://registry.npmjs.org/@wix/motion-edm-autogen-transformations/-/motion-edm-autogen-transformations-1.48.0.tgz",
      "integrity": "sha512-50Ftu6UjWxH67BD32ta4DXbMxwFl9Q2FNpbN+fTd+nAjwWb0o941OD/39u3dSTw4pOX5Vo/xDoX5Ti7qymYDNQ==",
      "dependencies": {
        "@babel/runtime": "^7.0.0",
        "@rushstack/eslint-patch": "^1.1.0",
        "@wix/motion-edm-autogen-common": "1.40.0",
        "@wix/motion-edm-autogen-transformations-core": "1.44.0",
        "constant-case": "~3.0.0",
        "deep-for-each": "~3.0.0",
        "http-status-codes": "^2.0.0",
        "js-yaml": "~4.1.0",
        "jsonpath-plus": "~5.1.0",
        "lodash": "~4.17.0",
        "tslib": "^2.0.0"
      }
    },
    "node_modules/@wix/motion-edm-autogen-transformations-core": {
      "version": "1.44.0",
      "resolved": "https://registry.npmjs.org/@wix/motion-edm-autogen-transformations-core/-/motion-edm-autogen-transformations-core-1.44.0.tgz",
      "integrity": "sha512-qFSTzZvASIQ5zBXZYZ1PhZ63uS36HbMJszkFufuQdOdasyL3kNxY8fJITecu8YXKvamsQvybzTcHUz7JGIOY+A==",
      "dependencies": {
        "@babel/runtime": "^7.0.0",
        "@rushstack/eslint-patch": "^1.1.0",
        "@wix/motion-edm-autogen-common": "1.40.0",
        "constant-case": "~3.0.0",
        "deep-for-each": "~3.0.0",
        "jsonpath-plus": "~5.1.0",
        "lodash": "~4.17.0",
        "tslib": "^2.0.0"
      }
    },
    "node_modules/@wix/motion-edm-autogen-types": {
      "version": "1.0.28",
      "resolved": "https://registry.npmjs.org/@wix/motion-edm-autogen-types/-/motion-edm-autogen-types-1.0.28.tgz",
      "integrity": "sha512-L7SKt3CvlfUyxvE4a0mIAvZB9QaA1+ChM3kmIa/mBmCUkFW728lXlnMcLrXc1/HsUAhfGMa0MvEi5Yq1N8oYmw=="
    },
    "node_modules/@wix/redirects": {
      "version": "1.0.43",
      "resolved": "https://registry.npmjs.org/@wix/redirects/-/redirects-1.0.43.tgz",
      "integrity": "sha512-zU+8ZjRcnoO0dbaudUCDsWsGs+zKhG0/KhJ0Z1Ifz+vg/TfFq9ThRmzBgMpuccaaKTqvgvaz6LCfyyQ7RE0xNA==",
      "dependencies": {
        "@wix/redirects_redirects": "1.0.13"
      }
    },
    "node_modules/@wix/redirects_redirects": {
      "version": "1.0.13",
      "resolved": "https://registry.npmjs.org/@wix/redirects_redirects/-/redirects_redirects-1.0.13.tgz",
      "integrity": "sha512-yH0lcv3xJf10xO+vyO4/F/mygZAXvt+21jDB3I+pI8Xqi0psxDJkcvpGxZw/69f1vTMCFK+PoZ99mIw1fKWY8A==",
      "dependencies": {
        "@wix/metro-runtime": "^1.1528.0",
        "@wix/motion-edm-autogen-query-wrapper": "^1.0.37",
        "@wix/sdk-runtime": "^0.2.10",
        "@wix/sdk-types": "^1.5.11"
      }
    },
    "node_modules/@wix/sdk": {
      "version": "1.9.1",
      "resolved": "https://registry.npmjs.org/@wix/sdk/-/sdk-1.9.1.tgz",
      "integrity": "sha512-Np9YP9KzTmlEfbZgr5BLZpDDR0+9YtO41vBTHfE1VqzUG3WyipX5j6A74S1A2eCJSDMX7HZY0r9VhFCyCVPWxQ==",
      "dependencies": {
        "@babel/runtime": "^7.23.2",
        "@wix/identity": "^1.0.78",
        "@wix/image-kit": "^1.64.0",
        "@wix/redirects": "^1.0.41",
        "@wix/sdk-types": "^1.6.3",
        "crypto-js": "^4.2.0",
        "jose": "^5.2.1",
        "pkce-challenge": "^3.1.0",
        "querystring": "^0.2.1",
        "type-fest": "^4.9.0"
      },
      "optionalDependencies": {
        "graphql": "^0.8.0 || ^0.9.0 || ^0.10.0 || ^0.11.0 || ^0.12.0 || ^0.13.0 || ^14.0.0 || ^15.0.0 || ^16.0.0 || ^17.0.0"
      }
    },
    "node_modules/@wix/sdk-runtime": {
      "version": "0.2.11",
      "resolved": "https://registry.npmjs.org/@wix/sdk-runtime/-/sdk-runtime-0.2.11.tgz",
      "integrity": "sha512-9EqHJ/V0/2C1jSesEylLhkjckDDZixx3dgB7HnM2Y5LBb1ENBxRbkkNm4oQkGKaF9crX3JCBPjeHW2IniGTyAw==",
      "dependencies": {
        "@wix/sdk-types": "^1.5.11"
      }
    },
    "node_modules/@wix/sdk-types": {
      "version": "1.6.3",
      "resolved": "https://registry.npmjs.org/@wix/sdk-types/-/sdk-types-1.6.3.tgz",
      "integrity": "sha512-kz+T8XljRvwgjyWajrFuvjO8vZx8njyzYOrDPk1ONOlENn4dACNEk/QWMXULJZbTqKZeh0/zhS7o4S5AM5DREA=="
    },
    "node_modules/argparse": {
      "version": "2.0.1",
      "resolved": "https://registry.npmjs.org/argparse/-/argparse-2.0.1.tgz",
      "integrity": "sha512-8+9WqebbFzpX9OR+Wa6O29asIogeRMzcGtAINdpMHHyAg10f05aSFVBbcEqGf/PXw1EjAZ+q2/bEBg3DvurK3Q=="
    },
    "node_modules/busboy": {
      "version": "1.6.0",
      "resolved": "https://registry.npmjs.org/busboy/-/busboy-1.6.0.tgz",
      "integrity": "sha512-8SFQbg/0hQ9xy3UNTB0YEnsNBbWfhf7RtnzpL7TkBiTBRfrQ9Fxcnz7VJsleJpyp6rVLvXiuORqjlHi5q+PYuA==",
      "dependencies": {
        "streamsearch": "^1.1.0"
      },
      "engines": {
        "node": ">=10.16.0"
      }
    },
    "node_modules/caniuse-lite": {
      "version": "1.0.30001615",
      "resolved": "https://registry.npmjs.org/caniuse-lite/-/caniuse-lite-1.0.30001615.tgz",
      "integrity": "sha512-1IpazM5G3r38meiae0bHRnPhz+CBQ3ZLqbQMtrg+AsTPKAXgW38JNsXkyZ+v8waCsDmPq87lmfun5Q2AGysNEQ==",
      "funding": [
        {
          "type": "opencollective",
          "url": "https://opencollective.com/browserslist"
        },
        {
          "type": "tidelift",
          "url": "https://tidelift.com/funding/github/npm/caniuse-lite"
        },
        {
          "type": "github",
          "url": "https://github.com/sponsors/ai"
        }
      ]
    },
    "node_modules/client-only": {
      "version": "0.0.1",
      "resolved": "https://registry.npmjs.org/client-only/-/client-only-0.0.1.tgz",
      "integrity": "sha512-IV3Ou0jSMzZrd3pZ48nLkT9DA7Ag1pnPzaiQhpW7c3RbcqqzvzzVu+L8gfqMp/8IM2MQtSiqaCxrrcfu8I8rMA=="
    },
    "node_modules/constant-case": {
      "version": "3.0.4",
      "resolved": "https://registry.npmjs.org/constant-case/-/constant-case-3.0.4.tgz",
      "integrity": "sha512-I2hSBi7Vvs7BEuJDr5dDHfzb/Ruj3FyvFyh7KLilAjNQw3Be+xgqUBA2W6scVEcL0hL1dwPRtIqEPVUCKkSsyQ==",
      "dependencies": {
        "no-case": "^3.0.4",
        "tslib": "^2.0.3",
        "upper-case": "^2.0.2"
      }
    },
    "node_modules/crypto-js": {
      "version": "4.2.0",
      "resolved": "https://registry.npmjs.org/crypto-js/-/crypto-js-4.2.0.tgz",
      "integrity": "sha512-KALDyEYgpY+Rlob/iriUtjV6d5Eq+Y191A5g4UqLAi8CyGP9N1+FdVbkc1SxKc2r4YAYqG8JzO2KGL+AizD70Q=="
    },
    "node_modules/deep-for-each": {
      "version": "3.0.0",
      "resolved": "https://registry.npmjs.org/deep-for-each/-/deep-for-each-3.0.0.tgz",
      "integrity": "sha512-pPN+0f8jlnNP+z90qqOdxGghJU5XM6oBDhvAR+qdQzjCg5pk/7VPPvKK1GqoXEFkHza6ZS+Otzzvmr0g3VUaKw==",
      "dependencies": {
        "lodash.isplainobject": "^4.0.6"
      }
    },
    "node_modules/graceful-fs": {
      "version": "4.2.11",
      "resolved": "https://registry.npmjs.org/graceful-fs/-/graceful-fs-4.2.11.tgz",
      "integrity": "sha512-RbJ5/jmFcNNCcDV5o9eTnBLJ/HszWV0P73bc+Ff4nS/rJj+YaS6IGyiOL0VoBYX+l1Wrl3k63h/KrH+nhJ0XvQ=="
    },
    "node_modules/graphql": {
      "version": "16.8.1",
      "resolved": "https://registry.npmjs.org/graphql/-/graphql-16.8.1.tgz",
      "integrity": "sha512-59LZHPdGZVh695Ud9lRzPBVTtlX9ZCV150Er2W43ro37wVof0ctenSaskPPjN7lVTIN8mSZt8PHUNKZuNQUuxw==",
      "optional": true,
      "engines": {
        "node": "^12.22.0 || ^14.16.0 || ^16.0.0 || >=17.0.0"
      }
    },
    "node_modules/http-status-codes": {
      "version": "2.3.0",
      "resolved": "https://registry.npmjs.org/http-status-codes/-/http-status-codes-2.3.0.tgz",
      "integrity": "sha512-RJ8XvFvpPM/Dmc5SV+dC4y5PCeOhT3x1Hq0NU3rjGeg5a/CqlhZ7uudknPwZFz4aeAXDcbAyaeP7GAo9lvngtA=="
    },
    "node_modules/jose": {
      "version": "5.2.4",
      "resolved": "https://registry.npmjs.org/jose/-/jose-5.2.4.tgz",
      "integrity": "sha512-6ScbIk2WWCeXkmzF6bRPmEuaqy1m8SbsRFMa/FLrSCkGIhj8OLVG/IH+XHVmNMx/KUo8cVWEE6oKR4dJ+S0Rkg==",
      "funding": {
        "url": "https://github.com/sponsors/panva"
      }
    },
    "node_modules/js-tokens": {
      "version": "4.0.0",
      "resolved": "https://registry.npmjs.org/js-tokens/-/js-tokens-4.0.0.tgz",
      "integrity": "sha512-RdJUflcE3cUzKiMqQgsCu06FPu9UdIJO0beYbPhHN4k6apgJtifcoCtT9bcxOpYBtpD2kCM6Sbzg4CausW/PKQ=="
    },
    "node_modules/js-yaml": {
      "version": "4.1.0",
      "resolved": "https://registry.npmjs.org/js-yaml/-/js-yaml-4.1.0.tgz",
      "integrity": "sha512-wpxZs9NoxZaJESJGIZTyDEaYpl0FKSA+FB9aJiyemKhMwkxQg63h4T1KJgUGHpTqPDNRcmmYLugrRjJlBtWvRA==",
      "dependencies": {
        "argparse": "^2.0.1"
      },
      "bin": {
        "js-yaml": "bin/js-yaml.js"
      }
    },
    "node_modules/jsonpath-plus": {
      "version": "5.1.0",
      "resolved": "https://registry.npmjs.org/jsonpath-plus/-/jsonpath-plus-5.1.0.tgz",
      "integrity": "sha512-890w2Pjtj0iswAxalRlt2kHthi6HKrXEfZcn+ZNZptv7F3rUGIeDuZo+C+h4vXBHLEsVjJrHeCm35nYeZLzSBQ==",
      "engines": {
        "node": ">=10.0.0"
      }
    },
    "node_modules/kind-of": {
      "version": "5.1.0",
      "resolved": "https://registry.npmjs.org/kind-of/-/kind-of-5.1.0.tgz",
      "integrity": "sha512-NGEErnH6F2vUuXDh+OlbcKW7/wOcfdRHaZ7VWtqCztfHri/++YKmP51OdWeGPuqCOba6kk2OTe5d02VmTB80Pw==",
      "engines": {
        "node": ">=0.10.0"
      }
    },
    "node_modules/lodash": {
      "version": "4.17.21",
      "resolved": "https://registry.npmjs.org/lodash/-/lodash-4.17.21.tgz",
      "integrity": "sha512-v2kDEe57lecTulaDIuNTPy3Ry4gLGJ6Z1O3vE1krgXZNrsQ+LFTGHVxVjcXPs17LhbZVGedAJv8XZ1tvj5FvSg=="
    },
    "node_modules/lodash.isplainobject": {
      "version": "4.0.6",
      "resolved": "https://registry.npmjs.org/lodash.isplainobject/-/lodash.isplainobject-4.0.6.tgz",
      "integrity": "sha512-oSXzaWypCMHkPC3NvBEaPHf0KsA5mvPrOPgQWDsbg8n7orZ290M0BmC/jgRZ4vcJ6DTAhjrsSYgdsW/F+MFOBA=="
    },
    "node_modules/long": {
      "version": "4.0.0",
      "resolved": "https://registry.npmjs.org/long/-/long-4.0.0.tgz",
      "integrity": "sha512-XsP+KhQif4bjX1kbuSiySJFNAehNxgLb6hPRGJ9QsUr8ajHkuXGdrHmFUTUUXhDwVX2R5bY4JNZEwbUiMhV+MA=="
    },
    "node_modules/loose-envify": {
      "version": "1.4.0",
      "resolved": "https://registry.npmjs.org/loose-envify/-/loose-envify-1.4.0.tgz",
      "integrity": "sha512-lyuxPGr/Wfhrlem2CL/UcnUc1zcqKAImBDzukY7Y5F/yQiNdko6+fRLevlw1HgMySw7f611UIY408EtxRSoK3Q==",
      "dependencies": {
        "js-tokens": "^3.0.0 || ^4.0.0"
      },
      "bin": {
        "loose-envify": "cli.js"
      }
    },
    "node_modules/lower-case": {
      "version": "2.0.2",
      "resolved": "https://registry.npmjs.org/lower-case/-/lower-case-2.0.2.tgz",
      "integrity": "sha512-7fm3l3NAF9WfN6W3JOmf5drwpVqX78JtoGJ3A6W0a6ZnldM41w2fV5D490psKFTpMds8TJse/eHLFFsNHHjHgg==",
      "dependencies": {
        "tslib": "^2.0.3"
      }
    },
    "node_modules/nanoid": {
      "version": "3.3.7",
      "resolved": "https://registry.npmjs.org/nanoid/-/nanoid-3.3.7.tgz",
      "integrity": "sha512-eSRppjcPIatRIMC1U6UngP8XFcz8MQWGQdt1MTBQ7NaAmvXDfvNxbvWV3x2y6CdEUciCSsDHDQZbhYaB8QEo2g==",
      "funding": [
        {
          "type": "github",
          "url": "https://github.com/sponsors/ai"
        }
      ],
      "bin": {
        "nanoid": "bin/nanoid.cjs"
      },
      "engines": {
        "node": "^10 || ^12 || ^13.7 || ^14 || >=15.0.1"
      }
    },
    "node_modules/next": {
      "version": "14.2.3",
      "resolved": "https://registry.npmjs.org/next/-/next-14.2.3.tgz",
      "integrity": "sha512-dowFkFTR8v79NPJO4QsBUtxv0g9BrS/phluVpMAt2ku7H+cbcBJlopXjkWlwxrk/xGqMemr7JkGPGemPrLLX7A==",
      "dependencies": {
        "@next/env": "14.2.3",
        "@swc/helpers": "0.5.5",
        "busboy": "1.6.0",
        "caniuse-lite": "^1.0.30001579",
        "graceful-fs": "^4.2.11",
        "postcss": "8.4.31",
        "styled-jsx": "5.1.1"
      },
      "bin": {
        "next": "dist/bin/next"
      },
      "engines": {
        "node": ">=18.17.0"
      },
      "optionalDependencies": {
        "@next/swc-darwin-arm64": "14.2.3",
        "@next/swc-darwin-x64": "14.2.3",
        "@next/swc-linux-arm64-gnu": "14.2.3",
        "@next/swc-linux-arm64-musl": "14.2.3",
        "@next/swc-linux-x64-gnu": "14.2.3",
        "@next/swc-linux-x64-musl": "14.2.3",
        "@next/swc-win32-arm64-msvc": "14.2.3",
        "@next/swc-win32-ia32-msvc": "14.2.3",
        "@next/swc-win32-x64-msvc": "14.2.3"
      },
      "peerDependencies": {
        "@opentelemetry/api": "^1.1.0",
        "@playwright/test": "^1.41.2",
        "react": "^18.2.0",
        "react-dom": "^18.2.0",
        "sass": "^1.3.0"
      },
      "peerDependenciesMeta": {
        "@opentelemetry/api": {
          "optional": true
        },
        "@playwright/test": {
          "optional": true
        },
        "sass": {
          "optional": true
        }
      }
    },
    "node_modules/no-case": {
      "version": "3.0.4",
      "resolved": "https://registry.npmjs.org/no-case/-/no-case-3.0.4.tgz",
      "integrity": "sha512-fgAN3jGAh+RoxUGZHTSOLJIqUc2wmoBwGR4tbpNAKmmovFoWq0OdRkb0VkldReO2a2iBT/OEulG9XSUc10r3zg==",
      "dependencies": {
        "lower-case": "^2.0.2",
        "tslib": "^2.0.3"
      }
    },
    "node_modules/picocolors": {
      "version": "1.0.0",
      "resolved": "https://registry.npmjs.org/picocolors/-/picocolors-1.0.0.tgz",
      "integrity": "sha512-1fygroTLlHu66zi26VoTDv8yRgm0Fccecssto+MhsZ0D/DGW2sm8E8AjW7NU5VVTRt5GxbeZ5qBuJr+HyLYkjQ=="
    },
    "node_modules/pkce-challenge": {
      "version": "3.1.0",
      "resolved": "https://registry.npmjs.org/pkce-challenge/-/pkce-challenge-3.1.0.tgz",
      "integrity": "sha512-bQ/0XPZZ7eX+cdAkd61uYWpfMhakH3NeteUF1R8GNa+LMqX8QFAkbCLqq+AYAns1/ueACBu/BMWhrlKGrdvGZg==",
      "dependencies": {
        "crypto-js": "^4.1.1"
      }
    },
    "node_modules/postcss": {
      "version": "8.4.31",
      "resolved": "https://registry.npmjs.org/postcss/-/postcss-8.4.31.tgz",
      "integrity": "sha512-PS08Iboia9mts/2ygV3eLpY5ghnUcfLV/EXTOW1E2qYxJKGGBUtNjN76FYHnMs36RmARn41bC0AZmn+rR0OVpQ==",
      "funding": [
        {
          "type": "opencollective",
          "url": "https://opencollective.com/postcss/"
        },
        {
          "type": "tidelift",
          "url": "https://tidelift.com/funding/github/npm/postcss"
        },
        {
          "type": "github",
          "url": "https://github.com/sponsors/ai"
        }
      ],
      "dependencies": {
        "nanoid": "^3.3.6",
        "picocolors": "^1.0.0",
        "source-map-js": "^1.0.2"
      },
      "engines": {
        "node": "^10 || ^12 || >=14"
      }
    },
    "node_modules/querystring": {
      "version": "0.2.1",
      "resolved": "https://registry.npmjs.org/querystring/-/querystring-0.2.1.tgz",
      "integrity": "sha512-wkvS7mL/JMugcup3/rMitHmd9ecIGd2lhFhK9N3UUQ450h66d1r3Y9nvXzQAW1Lq+wyx61k/1pfKS5KuKiyEbg==",
      "deprecated": "The querystring API is considered Legacy. new code should use the URLSearchParams API instead.",
      "engines": {
        "node": ">=0.4.x"
      }
    },
    "node_modules/react": {
      "version": "18.3.1",
      "resolved": "https://registry.npmjs.org/react/-/react-18.3.1.tgz",
      "integrity": "sha512-wS+hAgJShR0KhEvPJArfuPVN1+Hz1t0Y6n5jLrGQbkb4urgPE/0Rve+1kMB1v/oWgHgm4WIcV+i7F2pTVj+2iQ==",
      "dependencies": {
        "loose-envify": "^1.1.0"
      },
      "engines": {
        "node": ">=0.10.0"
      }
    },
    "node_modules/react-dom": {
      "version": "18.3.1",
      "resolved": "https://registry.npmjs.org/react-dom/-/react-dom-18.3.1.tgz",
      "integrity": "sha512-5m4nQKp+rZRb09LNH59GM4BxTh9251/ylbKIbpe7TpGxfJ+9kv6BLkLBXIjjspbgbnIBNqlI23tRnTWT0snUIw==",
      "dependencies": {
        "loose-envify": "^1.1.0",
        "scheduler": "^0.23.2"
      },
      "peerDependencies": {
        "react": "^18.3.1"
      }
    },
    "node_modules/regenerator-runtime": {
      "version": "0.14.1",
      "resolved": "https://registry.npmjs.org/regenerator-runtime/-/regenerator-runtime-0.14.1.tgz",
      "integrity": "sha512-dYnhHh0nJoMfnkZs6GmmhFknAGRrLznOu5nc9ML+EJxGvrx6H7teuevqVqCuPcPK//3eDrrjQhehXVx9cnkGdw=="
    },
    "node_modules/scheduler": {
      "version": "0.23.2",
      "resolved": "https://registry.npmjs.org/scheduler/-/scheduler-0.23.2.tgz",
      "integrity": "sha512-UOShsPwz7NrMUqhR6t0hWjFduvOzbtv7toDH1/hIrfRNIDBnnBWd0CwJTGvTpngVlmwGCdP9/Zl/tVrDqcuYzQ==",
      "dependencies": {
        "loose-envify": "^1.1.0"
      }
    },
    "node_modules/source-map-js": {
      "version": "1.2.0",
      "resolved": "https://registry.npmjs.org/source-map-js/-/source-map-js-1.2.0.tgz",
      "integrity": "sha512-itJW8lvSA0TXEphiRoawsCksnlf8SyvmFzIhltqAHluXd88pkCd+cXJVHTDwdCr0IzwptSm035IHQktUu1QUMg==",
      "engines": {
        "node": ">=0.10.0"
      }
    },
    "node_modules/streamsearch": {
      "version": "1.1.0",
      "resolved": "https://registry.npmjs.org/streamsearch/-/streamsearch-1.1.0.tgz",
      "integrity": "sha512-Mcc5wHehp9aXz1ax6bZUyY5afg9u2rv5cqQI3mRrYkGC8rW2hM02jWuwjtL++LS5qinSyhj2QfLyNsuc+VsExg==",
      "engines": {
        "node": ">=10.0.0"
      }
    },
    "node_modules/styled-jsx": {
      "version": "5.1.1",
      "resolved": "https://registry.npmjs.org/styled-jsx/-/styled-jsx-5.1.1.tgz",
      "integrity": "sha512-pW7uC1l4mBZ8ugbiZrcIsiIvVx1UmTfw7UkC3Um2tmfUq9Bhk8IiyEIPl6F8agHgjzku6j0xQEZbfA5uSgSaCw==",
      "dependencies": {
        "client-only": "0.0.1"
      },
      "engines": {
        "node": ">= 12.0.0"
      },
      "peerDependencies": {
        "react": ">= 16.8.0 || 17.x.x || ^18.0.0-0"
      },
      "peerDependenciesMeta": {
        "@babel/core": {
          "optional": true
        },
        "babel-plugin-macros": {
          "optional": true
        }
      }
    },
    "node_modules/tslib": {
      "version": "2.6.2",
      "resolved": "https://registry.npmjs.org/tslib/-/tslib-2.6.2.tgz",
      "integrity": "sha512-AEYxH93jGFPn/a2iVAwW87VuUIkR1FVUKB77NwMF7nBTDkDrrT/Hpt/IrCJ0QXhW27jTBDcf5ZY7w6RiqTMw2Q=="
    },
    "node_modules/type-fest": {
      "version": "4.18.1",
      "resolved": "https://registry.npmjs.org/type-fest/-/type-fest-4.18.1.tgz",
      "integrity": "sha512-qXhgeNsX15bM63h5aapNFcQid9jRF/l3ojDoDFmekDQEUufZ9U4ErVt6SjDxnHp48Ltrw616R8yNc3giJ3KvVQ==",
      "engines": {
        "node": ">=16"
      },
      "funding": {
        "url": "https://github.com/sponsors/sindresorhus"
      }
    },
    "node_modules/upper-case": {
      "version": "2.0.2",
      "resolved": "https://registry.npmjs.org/upper-case/-/upper-case-2.0.2.tgz",
      "integrity": "sha512-KgdgDGJt2TpuwBUIjgG6lzw2GWFRCW9Qkfkiv0DxqHHLYJHmtmdUIKcZd8rHgFSjopVTlw6ggzCm1b8MFQwikg==",
      "dependencies": {
        "tslib": "^2.0.3"
      }
    }
  }
}
